# This file is generated by running "yarn install" inside your project.
# Manual changes might be lost - proceed with caution!

__metadata:
  version: 5
  cacheKey: 8

"@assemblyscript/loader@npm:^0.19.20":
  version: 0.19.20
  resolution: "@assemblyscript/loader@npm:0.19.20"
  checksum: be973f26cebfd999b58fb6f9417c65bb37db0474ca5ab4e1296d38302c60d0a42c91daa24e20086281aa4e374a35d25fe48251ef5ff6e0bc352f9fd6d01faa34
  languageName: node
  linkType: hard

"typescript@npm:^4.4.4":
  version: 4.4.4
  resolution: "typescript@npm:4.4.4"
  bin:
    tsc: bin/tsc
    tsserver: bin/tsserver
  checksum: 89ecb8436bb48ef5594d49289f5f89103071716b6e4844278f4fb3362856e31203e187a9c76d205c3f0b674d221a058fd28310dbcbcf5d95e9a57229bb5203f1
  languageName: node
  linkType: hard

"typescript@patch:typescript@^4.4.4#~builtin<compat/typescript>":
  version: 4.4.4
  resolution: "typescript@patch:typescript@npm%3A4.4.4#~builtin<compat/typescript>::version=4.4.4&hash=ddd1e8"
  bin:
    tsc: bin/tsc
    tsserver: bin/tsserver
  checksum: bd629ad0da4a15d79aaad56baf3ee7d96f6a181760d430ae77f8c5325df7bffd9edee57544a3970e3651e8b796fe03a5838a7eb39c6d46cc3866c0b23d36a0dd
  languageName: node
  linkType: hard

"uglify-js@npm:^3.14.3":
  version: 3.14.3
  resolution: "uglify-js@npm:3.14.3"
  bin:
    uglifyjs: bin/uglifyjs
  checksum: eef57b4fec031f687bef46182c33de5eff6bc40fec8d46152f3b92bb044602dd524a04e33ca5f7391f82db969b92ef6aded860f8a4ee5f4bf796d7420b030236
  languageName: node
  linkType: hard

"wasm@workspace:.":
  version: 0.0.0-use.local
  resolution: "wasm@workspace:."
  dependencies:
    "@assemblyscript/loader": ^0.19.20
    typescript: ^4.4.4
    uglify-js: ^3.14.3
  languageName: unknown
  linkType: soft
