# THIS IS AN AUTOGENERATED FILE. DO NOT EDIT THIS FILE DIRECTLY.
# yarn lockfile v1


"@assemblyscript/loader@^0.19.20":
  version "0.19.20"
  resolved "https://registry.yarnpkg.com/@assemblyscript/loader/-/loader-0.19.20.tgz#73c923a726c9b15cbdf83d39310566fb55ce5b6d"
  integrity sha512-BKKWNGwp0xyELmk214RnwB4fxZeNokBkkvpCzpBbkD1FnDuNO7Dv96WECOPeiFySPl78FKAihlasU8MJ1Vldnw==

typescript@^4.4.4:
  version "4.4.4"
  resolved "https://registry.yarnpkg.com/typescript/-/typescript-4.4.4.tgz#2cd01a1a1f160704d3101fd5a58ff0f9fcb8030c"
  integrity sha512-DqGhF5IKoBl8WNf8C1gu8q0xZSInh9j1kJJMqT3a94w1JzVaBU4EXOSMrz9yDqMT0xt3selp83fuFMQ0uzv6qA==

uglify-js@^3.14.3:
  version "3.14.3"
  resolved "https://registry.yarnpkg.com/uglify-js/-/uglify-js-3.14.3.tgz#c0f25dfea1e8e5323eccf59610be08b6043c15cf"
  integrity sha512-mic3aOdiq01DuSVx0TseaEzMIVqebMZ0Z3vaeDhFEh9bsc24hV1TFvN74reA2vs08D0ZWfNjAcJ3UbVLaBss+g==
